// !$*UTF8*$!
{
	archiveVersion = 1;
	classes = {
	};
	objectVersion = 50;
	objects = {

/* Begin PBXBuildFile section */
		4A11EF4821E1ACD700FD11FD /* CoreDataHelper.swift in Sources */ = {isa = PBXBuildFile; fileRef = 4A11EF4721E1ACD700FD11FD /* CoreDataHelper.swift */; };
		4A8C951321E171FD006590B5 /* Turista Virtual.xcdatamodeld in Sources */ = {isa = PBXBuildFile; fileRef = 4A8C951121E171FD006590B5 /* Turista Virtual.xcdatamodeld */; };
		4A8C951821E17DF8006590B5 /* FlickrHelper.swift in Sources */ = {isa = PBXBuildFile; fileRef = 4A8C951721E17DF8006590B5 /* FlickrHelper.swift */; };
		4A901FBF21E26C7C003192BF /* DataHelper.swift in Sources */ = {isa = PBXBuildFile; fileRef = 4A901FBE21E26C7C003192BF /* DataHelper.swift */; };
		4A901FC121E27583003192BF /* ImageDownloadManager.swift in Sources */ = {isa = PBXBuildFile; fileRef = 4A901FC021E27583003192BF /* ImageDownloadManager.swift */; };
		4ABD224E21E12DD900B8BC47 /* AppDelegate.swift in Sources */ = {isa = PBXBuildFile; fileRef = 4ABD224D21E12DD900B8BC47 /* AppDelegate.swift */; };
		4ABD225021E12DD900B8BC47 /* MapViewController.swift in Sources */ = {isa = PBXBuildFile; fileRef = 4ABD224F21E12DD900B8BC47 /* MapViewController.swift */; };
		4ABD225321E12DDA00B8BC47 /* Main.storyboard in Resources */ = {isa = PBXBuildFile; fileRef = 4ABD225121E12DDA00B8BC47 /* Main.storyboard */; };
		4ABD225521E12DDB00B8BC47 /* Assets.xcassets in Resources */ = {isa = PBXBuildFile; fileRef = 4ABD225421E12DDB00B8BC47 /* Assets.xcassets */; };
		4ABD225821E12DDB00B8BC47 /* LaunchScreen.storyboard in Resources */ = {isa = PBXBuildFile; fileRef = 4ABD225621E12DDB00B8BC47 /* LaunchScreen.storyboard */; };
		4ABD226021E1349100B8BC47 /* PhotoAlbumViewController.swift in Sources */ = {isa = PBXBuildFile; fileRef = 4ABD225F21E1349100B8BC47 /* PhotoAlbumViewController.swift */; };
/* End PBXBuildFile section */

/* Begin PBXFileReference section */
		4A11EF4721E1ACD700FD11FD /* CoreDataHelper.swift */ = {isa = PBXFileReference; lastKnownFileType = sourcecode.swift; path = CoreDataHelper.swift; sourceTree = "<group>"; };
		4A8C951221E171FD006590B5 /* Turista Virtual.xcdatamodel */ = {isa = PBXFileReference; lastKnownFileType = wrapper.xcdatamodel; path = "Turista Virtual.xcdatamodel"; sourceTree = "<group>"; };
		4A8C951721E17DF8006590B5 /* FlickrHelper.swift */ = {isa = PBXFileReference; lastKnownFileType = sourcecode.swift; path = FlickrHelper.swift; sourceTree = "<group>"; };
		4A901FBE21E26C7C003192BF /* DataHelper.swift */ = {isa = PBXFileReference; lastKnownFileType = sourcecode.swift; path = DataHelper.swift; sourceTree = "<group>"; };
		4A901FC021E27583003192BF /* ImageDownloadManager.swift */ = {isa = PBXFileReference; lastKnownFileType = sourcecode.swift; path = ImageDownloadManager.swift; sourceTree = "<group>"; };
		4ABD224A21E12DD900B8BC47 /* Turista Virtual.app */ = {isa = PBXFileReference; explicitFileType = wrapper.application; includeInIndex = 0; path = "Turista Virtual.app"; sourceTree = BUILT_PRODUCTS_DIR; };
		4ABD224D21E12DD900B8BC47 /* AppDelegate.swift */ = {isa = PBXFileReference; lastKnownFileType = sourcecode.swift; path = AppDelegate.swift; sourceTree = "<group>"; };
		4ABD224F21E12DD900B8BC47 /* MapViewController.swift */ = {isa = PBXFileReference; lastKnownFileType = sourcecode.swift; path = MapViewController.swift; sourceTree = "<group>"; };
		4ABD225221E12DDA00B8BC47 /* Base */ = {isa = PBXFileReference; lastKnownFileType = file.storyboard; name = Base; path = Base.lproj/Main.storyboard; sourceTree = "<group>"; };
		4ABD225421E12DDB00B8BC47 /* Assets.xcassets */ = {isa = PBXFileReference; lastKnownFileType = folder.assetcatalog; path = Assets.xcassets; sourceTree = "<group>"; };
		4ABD225721E12DDB00B8BC47 /* Base */ = {isa = PBXFileReference; lastKnownFileType = file.storyboard; name = Base; path = Base.lproj/LaunchScreen.storyboard; sourceTree = "<group>"; };
		4ABD225921E12DDB00B8BC47 /* Info.plist */ = {isa = PBXFileReference; lastKnownFileType = text.plist.xml; path = Info.plist; sourceTree = "<group>"; };
		4ABD225F21E1349100B8BC47 /* PhotoAlbumViewController.swift */ = {isa = PBXFileReference; lastKnownFileType = sourcecode.swift; path = PhotoAlbumViewController.swift; sourceTree = "<group>"; };
/* End PBXFileReference section */

/* Begin PBXFrameworksBuildPhase section */
		4ABD224721E12DD900B8BC47 /* Frameworks */ = {
			isa = PBXFrameworksBuildPhase;
			buildActionMask = 2147483647;
			files = (
			);
			runOnlyForDeploymentPostprocessing = 0;
		};
/* End PBXFrameworksBuildPhase section */

/* Begin PBXGroup section */
		4A8C950D21E17116006590B5 /* ViewControllers */ = {
			isa = PBXGroup;
			children = (
				4ABD224F21E12DD900B8BC47 /* MapViewController.swift */,
				4ABD225F21E1349100B8BC47 /* PhotoAlbumViewController.swift */,
			);
			path = ViewControllers;
			sourceTree = "<group>";
		};
		4A8C950E21E17124006590B5 /* Storyboards */ = {
			isa = PBXGroup;
			children = (
				4ABD225621E12DDB00B8BC47 /* LaunchScreen.storyboard */,
				4ABD225121E12DDA00B8BC47 /* Main.storyboard */,
			);
			path = Storyboards;
			sourceTree = "<group>";
		};
		4A8C950F21E17140006590B5 /* Assets */ = {
			isa = PBXGroup;
			children = (
				4ABD225421E12DDB00B8BC47 /* Assets.xcassets */,
			);
			path = Assets;
			sourceTree = "<group>";
		};
		4A8C951021E171A1006590B5 /* Models */ = {
			isa = PBXGroup;
			children = (
				4A8C951121E171FD006590B5 /* Turista Virtual.xcdatamodeld */,
			);
			path = Models;
			sourceTree = "<group>";
		};
		4A8C951621E17DD6006590B5 /* Helpers */ = {
			isa = PBXGroup;
			children = (
				4A8C951721E17DF8006590B5 /* FlickrHelper.swift */,
				4A11EF4721E1ACD700FD11FD /* CoreDataHelper.swift */,
				4A901FBE21E26C7C003192BF /* DataHelper.swift */,
				4A901FC021E27583003192BF /* ImageDownloadManager.swift */,
			);
			path = Helpers;
			sourceTree = "<group>";
		};
		4ABD224121E12DD900B8BC47 = {
			isa = PBXGroup;
			children = (
				4ABD224C21E12DD900B8BC47 /* Turista Virtual */,
				4ABD224B21E12DD900B8BC47 /* Products */,
			);
			sourceTree = "<group>";
		};
		4ABD224B21E12DD900B8BC47 /* Products */ = {
			isa = PBXGroup;
			children = (
				4ABD224A21E12DD900B8BC47 /* Turista Virtual.app */,
			);
			name = Products;
			sourceTree = "<group>";
		};
		4ABD224C21E12DD900B8BC47 /* Turista Virtual */ = {
			isa = PBXGroup;
			children = (
				4ABD224D21E12DD900B8BC47 /* AppDelegate.swift */,
				4A8C950F21E17140006590B5 /* Assets */,
				4A8C951621E17DD6006590B5 /* Helpers */,
				4ABD225921E12DDB00B8BC47 /* Info.plist */,
				4A8C951021E171A1006590B5 /* Models */,
				4A8C950E21E17124006590B5 /* Storyboards */,
				4A8C950D21E17116006590B5 /* ViewControllers */,
			);
			path = "Turista Virtual";
			sourceTree = "<group>";
		};
/* End PBXGroup section */

/* Begin PBXNativeTarget section */
		4ABD224921E12DD900B8BC47 /* Turista Virtual */ = {
			isa = PBXNativeTarget;
			buildConfigurationList = 4ABD225C21E12DDB00B8BC47 /* Build configuration list for PBXNativeTarget "Turista Virtual" */;
			buildPhases = (
				4ABD224621E12DD900B8BC47 /* Sources */,
				4ABD224721E12DD900B8BC47 /* Frameworks */,
				4ABD224821E12DD900B8BC47 /* Resources */,
			);
			buildRules = (
			);
			dependencies = (
			);
			name = "Turista Virtual";
			productName = "Turista Virtual";
			productReference = 4ABD224A21E12DD900B8BC47 /* Turista Virtual.app */;
			productType = "com.apple.product-type.application";
		};
/* End PBXNativeTarget section */

/* Begin PBXProject section */
		4ABD224221E12DD900B8BC47 /* Project object */ = {
			isa = PBXProject;
			attributes = {
				LastSwiftUpdateCheck = 1010;
				LastUpgradeCheck = 1010;
				ORGANIZATIONNAME = "Vitor Costa";
				TargetAttributes = {
					4ABD224921E12DD900B8BC47 = {
						CreatedOnToolsVersion = 10.1;
					};
				};
			};
			buildConfigurationList = 4ABD224521E12DD900B8BC47 /* Build configuration list for PBXProject "Turista Virtual" */;
			compatibilityVersion = "Xcode 9.3";
			developmentRegion = en;
			hasScannedForEncodings = 0;
			knownRegions = (
				en,
				Base,
			);
			mainGroup = 4ABD224121E12DD900B8BC47;
			productRefGroup = 4ABD224B21E12DD900B8BC47 /* Products */;
			projectDirPath = "";
			projectRoot = "";
			targets = (
				4ABD224921E12DD900B8BC47 /* Turista Virtual */,
			);
		};
/* End PBXProject section */

/* Begin PBXResourcesBuildPhase section */
		4ABD224821E12DD900B8BC47 /* Resources */ = {
			isa = PBXResourcesBuildPhase;
			buildActionMask = 2147483647;
			files = (
				4ABD225821E12DDB00B8BC47 /* LaunchScreen.storyboard in Resources */,
				4ABD225521E12DDB00B8BC47 /* Assets.xcassets in Resources */,
				4ABD225321E12DDA00B8BC47 /* Main.storyboard in Resources */,
			);
			runOnlyForDeploymentPostprocessing = 0;
		};
/* End PBXResourcesBuildPhase section */

/* Begin PBXSourcesBuildPhase section */
		4ABD224621E12DD900B8BC47 /* Sources */ = {
			isa = PBXSourcesBuildPhase;
			buildActionMask = 2147483647;
			files = (
				4A8C951821E17DF8006590B5 /* FlickrHelper.swift in Sources */,
				4A11EF4821E1ACD700FD11FD /* CoreDataHelper.swift in Sources */,
				4ABD225021E12DD900B8BC47 /* MapViewController.swift in Sources */,
				4ABD224E21E12DD900B8BC47 /* AppDelegate.swift in Sources */,
				4A901FBF21E26C7C003192BF /* DataHelper.swift in Sources */,
				4ABD226021E1349100B8BC47 /* PhotoAlbumViewController.swift in Sources */,
				4A901FC121E27583003192BF /* ImageDownloadManager.swift in Sources */,
				4A8C951321E171FD006590B5 /* Turista Virtual.xcdatamodeld in Sources */,
			);
			runOnlyForDeploymentPostprocessing = 0;
		};
/* End PBXSourcesBuildPhase section */

/* Begin PBXVariantGroup section */
		4ABD225121E12DDA00B8BC47 /* Main.storyboard */ = {
			isa = PBXVariantGroup;
			children = (
				4ABD225221E12DDA00B8BC47 /* Base */,
			);
			name = Main.storyboard;
			sourceTree = "<group>";
		};
		4ABD225621E12DDB00B8BC47 /* LaunchScreen.storyboard */ = {
			isa = PBXVariantGroup;
			children = (
				4ABD225721E12DDB00B8BC47 /* Base */,
			);
			name = LaunchScreen.storyboard;
			sourceTree = "<group>";
		};
/* End PBXVariantGroup section */

/* Begin XCBuildConfiguration section */
		4ABD225A21E12DDB00B8BC47 /* Debug */ = {
			isa = XCBuildConfiguration;
			buildSettings = {
				ALWAYS_SEARCH_USER_PATHS = NO;
				CLANG_ANALYZER_NONNULL = YES;
				CLANG_ANALYZER_NUMBER_OBJECT_CONVERSION = YES_AGGRESSIVE;
				CLANG_CXX_LANGUAGE_STANDARD = "gnu++14";
				CLANG_CXX_LIBRARY = "libc++";
				CLANG_ENABLE_MODULES = YES;
				CLANG_ENABLE_OBJC_ARC = YES;
				CLANG_ENABLE_OBJC_WEAK = YES;
				CLANG_WARN_BLOCK_CAPTURE_AUTORELEASING = YES;
				CLANG_WARN_BOOL_CONVERSION = YES;
				CLANG_WARN_COMMA = YES;
				CLANG_WARN_CONSTANT_CONVERSION = YES;
				CLANG_WARN_DEPRECATED_OBJC_IMPLEMENTATIONS = YES;
				CLANG_WARN_DIRECT_OBJC_ISA_USAGE = YES_ERROR;
				CLANG_WARN_DOCUMENTATION_COMMENTS = YES;
				CLANG_WARN_EMPTY_BODY = YES;
				CLANG_WARN_ENUM_CONVERSION = YES;
				CLANG_WARN_INFINITE_RECURSION = YES;
				CLANG_WARN_INT_CONVERSION = YES;
				CLANG_WARN_NON_LITERAL_NULL_CONVERSION = YES;
				CLANG_WARN_OBJC_IMPLICIT_RETAIN_SELF = YES;
				CLANG_WARN_OBJC_LITERAL_CONVERSION = YES;
				CLANG_WARN_OBJC_ROOT_CLASS = YES_ERROR;
				CLANG_WARN_RANGE_LOOP_ANALYSIS = YES;
				CLANG_WARN_STRICT_PROTOTYPES = YES;
				CLANG_WARN_SUSPICIOUS_MOVE = YES;
				CLANG_WARN_UNGUARDED_AVAILABILITY = YES_AGGRESSIVE;
				CLANG_WARN_UNREACHABLE_CODE = YES;
				CLANG_WARN__DUPLICATE_METHOD_MATCH = YES;
				CODE_SIGN_IDENTITY = "iPhone Developer";
				COPY_PHASE_STRIP = NO;
				DEBUG_INFORMATION_FORMAT = dwarf;
				ENABLE_STRICT_OBJC_MSGSEND = YES;
				ENABLE_TESTABILITY = YES;
				GCC_C_LANGUAGE_STANDARD = gnu11;
				GCC_DYNAMIC_NO_PIC = NO;
				GCC_NO_COMMON_BLOCKS = YES;
				GCC_OPTIMIZATION_LEVEL = 0;
				GCC_PREPROCESSOR_DEFINITIONS = (
					"DEBUG=1",
					"$(inherited)",
				);
				GCC_WARN_64_TO_32_BIT_CONVERSION = YES;
				GCC_WARN_ABOUT_RETURN_TYPE = YES_ERROR;
				GCC_WARN_UNDECLARED_SELECTOR = YES;
				GCC_WARN_UNINITIALIZED_AUTOS = YES_AGGRESSIVE;
				GCC_WARN_UNUSED_FUNCTION = YES;
				GCC_WARN_UNUSED_VARIABLE = YES;
				IPHONEOS_DEPLOYMENT_TARGET = 12.1;
				MTL_ENABLE_DEBUG_INFO = INCLUDE_SOURCE;
				MTL_FAST_MATH = YES;
				ONLY_ACTIVE_ARCH = YES;
				SDKROOT = iphoneos;
				SWIFT_ACTIVE_COMPILATION_CONDITIONS = DEBUG;
				SWIFT_OPTIMIZATION_LEVEL = "-Onone";
			};
			name = Debug;
		};
		4ABD225B21E12DDB00B8BC47 /* Release */ = {
			isa = XCBuildConfiguration;
			buildSettings = {
				ALWAYS_SEARCH_USER_PATHS = NO;
				CLANG_ANALYZER_NONNULL = YES;
				CLANG_ANALYZER_NUMBER_OBJECT_CONVERSION = YES_AGGRESSIVE;
				CLANG_CXX_LANGUAGE_STANDARD = "gnu++14";
				CLANG_CXX_LIBRARY = "libc++";
				CLANG_ENABLE_MODULES = YES;
				CLANG_ENABLE_OBJC_ARC = YES;
				CLANG_ENABLE_OBJC_WEAK = YES;
				CLANG_WARN_BLOCK_CAPTURE_AUTORELEASING = YES;
				CLANG_WARN_BOOL_CONVERSION = YES;
				CLANG_WARN_COMMA = YES;
				CLANG_WARN_CONSTANT_CONVERSION = YES;
				CLANG_WARN_DEPRECATED_OBJC_IMPLEMENTATIONS = YES;
				CLANG_WARN_DIRECT_OBJC_ISA_USAGE = YES_ERROR;
				CLANG_WARN_DOCUMENTATION_COMMENTS = YES;
				CLANG_WARN_EMPTY_BODY = YES;
				CLANG_WARN_ENUM_CONVERSION = YES;
				CLANG_WARN_INFINITE_RECURSION = YES;
				CLANG_WARN_INT_CONVERSION = YES;
				CLANG_WARN_NON_LITERAL_NULL_CONVERSION = YES;
				CLANG_WARN_OBJC_IMPLICIT_RETAIN_SELF = YES;
				CLANG_WARN_OBJC_LITERAL_CONVERSION = YES;
				CLANG_WARN_OBJC_ROOT_CLASS = YES_ERROR;
				CLANG_WARN_RANGE_LOOP_ANALYSIS = YES;
				CLANG_WARN_STRICT_PROTOTYPES = YES;
				CLANG_WARN_SUSPICIOUS_MOVE = YES;
				CLANG_WARN_UNGUARDED_AVAILABILITY = YES_AGGRESSIVE;
				CLANG_WARN_UNREACHABLE_CODE = YES;
				CLANG_WARN__DUPLICATE_METHOD_MATCH = YES;
				CODE_SIGN_IDENTITY = "iPhone Developer";
				COPY_PHASE_STRIP = NO;
				DEBUG_INFORMATION_FORMAT = "dwarf-with-dsym";
				ENABLE_NS_ASSERTIONS = NO;
				ENABLE_STRICT_OBJC_MSGSEND = YES;
				GCC_C_LANGUAGE_STANDARD = gnu11;
				GCC_NO_COMMON_BLOCKS = YES;
				GCC_WARN_64_TO_32_BIT_CONVERSION = YES;
				GCC_WARN_ABOUT_RETURN_TYPE = YES_ERROR;
				GCC_WARN_UNDECLARED_SELECTOR = YES;
				GCC_WARN_UNINITIALIZED_AUTOS = YES_AGGRESSIVE;
				GCC_WARN_UNUSED_FUNCTION = YES;
				GCC_WARN_UNUSED_VARIABLE = YES;
				IPHONEOS_DEPLOYMENT_TARGET = 12.1;
				MTL_ENABLE_DEBUG_INFO = NO;
				MTL_FAST_MATH = YES;
				SDKROOT = iphoneos;
				SWIFT_COMPILATION_MODE = wholemodule;
				SWIFT_OPTIMIZATION_LEVEL = "-O";
				VALIDATE_PRODUCT = YES;
			};
			name = Release;
		};
		4ABD225D21E12DDB00B8BC47 /* Debug */ = {
			isa = XCBuildConfiguration;
			buildSettings = {
				ASSETCATALOG_COMPILER_APPICON_NAME = AppIcon;
				CODE_SIGN_STYLE = Automatic;
				DEVELOPMENT_TEAM = 87JB6QS95U;
				INFOPLIST_FILE = "Turista Virtual/Info.plist";
				LD_RUNPATH_SEARCH_PATHS = (
					"$(inherited)",
					"@executable_path/Frameworks",
				);
				PRODUCT_BUNDLE_IDENTIFIER = "costa.vitor.Turista-Virtual";
				PRODUCT_NAME = "$(TARGET_NAME)";
				SWIFT_VERSION = 4.2;
				TARGETED_DEVICE_FAMILY = "1,2";
			};
			name = Debug;
		};
		4ABD225E21E12DDB00B8BC47 /* Release */ = {
			isa = XCBuildConfiguration;
			buildSettings = {
				ASSETCATALOG_COMPILER_APPICON_NAME = AppIcon;
				CODE_SIGN_STYLE = Automatic;
				DEVELOPMENT_TEAM = 87JB6QS95U;
				INFOPLIST_FILE = "Turista Virtual/Info.plist";
				LD_RUNPATH_SEARCH_PATHS = (
					"$(inherited)",
					"@executable_path/Frameworks",
				);
				PRODUCT_BUNDLE_IDENTIFIER = "costa.vitor.Turista-Virtual";
				PRODUCT_NAME = "$(TARGET_NAME)";
				SWIFT_VERSION = 4.2;
				TARGETED_DEVICE_FAMILY = "1,2";
			};
			name = Release;
		};
/* End XCBuildConfiguration section */

/* Begin XCConfigurationList section */
		4ABD224521E12DD900B8BC47 /* Build configuration list for PBXProject "Turista Virtual" */ = {
			isa = XCConfigurationList;
			buildConfigurations = (
				4ABD225A21E12DDB00B8BC47 /* Debug */,
				4ABD225B21E12DDB00B8BC47 /* Release */,
			);
			defaultConfigurationIsVisible = 0;
			defaultConfigurationName = Release;
		};
		4ABD225C21E12DDB00B8BC47 /* Build configuration list for PBXNativeTarget "Turista Virtual" */ = {
			isa = XCConfigurationList;
			buildConfigurations = (
				4ABD225D21E12DDB00B8BC47 /* Debug */,
				4ABD225E21E12DDB00B8BC47 /* Release */,
			);
			defaultConfigurationIsVisible = 0;
			defaultConfigurationName = Release;
		};
/* End XCConfigurationList section */

/* Begin XCVersionGroup section */
		4A8C951121E171FD006590B5 /* Turista Virtual.xcdatamodeld */ = {
			isa = XCVersionGroup;
			children = (
				4A8C951221E171FD006590B5 /* Turista Virtual.xcdatamodel */,
			);
			currentVersion = 4A8C951221E171FD006590B5 /* Turista Virtual.xcdatamodel */;
			path = "Turista Virtual.xcdatamodeld";
			sourceTree = "<group>";
			versionGroupType = wrapper.xcdatamodel;
		};
/* End XCVersionGroup section */
	};
	rootObject = 4ABD224221E12DD900B8BC47 /* Project object */;
}
